
Microsoft Visual Studio Solution File, Format Version 12.00
# Visual Studio Version 17
VisualStudioVersion = 17.11.35327.3
MinimumVisualStudioVersion = 10.0.40219.1
Project("{FAE04EC0-301F-11D3-BF4B-00C04F79EFBC}") = "JustInTime.Api", "JustInTime.Api\JustInTime.Api.csproj", "{284F2921-393A-429D-AFF7-4A14CC191469}"
EndProject
Global
	GlobalSection(SolutionConfigurationPlatforms) = preSolution
		Debug|Any CPU = Debug|Any CPU
		Release|Any CPU = Release|Any CPU
	EndGlobalSection
	GlobalSection(ProjectConfigurationPlatforms) = postSolution
		{284F2921-393A-429D-AFF7-4A14CC191469}.Debug|Any CPU.ActiveCfg = Debug|Any CPU
		{284F2921-393A-429D-AFF7-4A14CC191469}.Debug|Any CPU.Build.0 = Debug|Any CPU
		{284F2921-393A-429D-AFF7-4A14CC191469}.Release|Any CPU.ActiveCfg = Release|Any CPU
		{284F2921-393A-429D-AFF7-4A14CC191469}.Release|Any CPU.Build.0 = Release|Any CPU
	EndGlobalSection
	GlobalSection(SolutionProperties) = preSolution
		HideSolutionNode = FALSE
	EndGlobalSection
	GlobalSection(ExtensibilityGlobals) = postSolution
		SolutionGuid = {947ADDCF-695D-4B2C-A10F-2BC4E74A76D5}
	EndGlobalSection
EndGlobal
